
Microsoft Visual Studio Solution File, Format Version 12.00
# Visual Studio Version 16
VisualStudioVersion = 16.0.31005.135
MinimumVisualStudioVersion = 10.0.40219.1
Project("{9A19103F-16F7-4668-BE54-9A1E7A4F7556}") = "ConsoleUI", "ConsoleUI\ConsoleUI.csproj", "{A2335C84-C20D-4821-AE39-F0179A086B64}"
EndProject
Project("{9A19103F-16F7-4668-BE54-9A1E7A4F7556}") = "Business", "Business\Business.csproj", "{08B86662-0540-4D46-8037-5ECCBBB722E8}"
EndProject
Project("{9A19103F-16F7-4668-BE54-9A1E7A4F7556}") = "Entities", "Entities\Entities.csproj", "{C682E0A2-C47A-4C32-B917-976060F034CF}"
EndProject
Project("{9A19103F-16F7-4668-BE54-9A1E7A4F7556}") = "DataAccess", "DataAccess\DataAccess.csproj", "{15E9F2C5-DE6B-42B1-A47E-1209CEB54B67}"
EndProject
Project("{9A19103F-16F7-4668-BE54-9A1E7A4F7556}") = "Core", "Core\Core.csproj", "{37B47328-EF41-47EF-906B-0E833C4E752C}"
EndProject
Project("{FAE04EC0-301F-11D3-BF4B-00C04F79EFBC}") = "WebAPI", "WebAPI\WebAPI.csproj", "{053FA59A-49C3-4E01-A8EB-03C1E3F4598A}"
EndProject
Global
	GlobalSection(SolutionConfigurationPlatforms) = preSolution
		Debug|Any CPU = Debug|Any CPU
		Release|Any CPU = Release|Any CPU
	EndGlobalSection
	GlobalSection(ProjectConfigurationPlatforms) = postSolution
		{A2335C84-C20D-4821-AE39-F0179A086B64}.Debug|Any CPU.ActiveCfg = Debug|Any CPU
		{A2335C84-C20D-4821-AE39-F0179A086B64}.Debug|Any CPU.Build.0 = Debug|Any CPU
		{A2335C84-C20D-4821-AE39-F0179A086B64}.Release|Any CPU.ActiveCfg = Release|Any CPU
		{A2335C84-C20D-4821-AE39-F0179A086B64}.Release|Any CPU.Build.0 = Release|Any CPU
		{08B86662-0540-4D46-8037-5ECCBBB722E8}.Debug|Any CPU.ActiveCfg = Debug|Any CPU
		{08B86662-0540-4D46-8037-5ECCBBB722E8}.Debug|Any CPU.Build.0 = Debug|Any CPU
		{08B86662-0540-4D46-8037-5ECCBBB722E8}.Release|Any CPU.ActiveCfg = Release|Any CPU
		{08B86662-0540-4D46-8037-5ECCBBB722E8}.Release|Any CPU.Build.0 = Release|Any CPU
		{C682E0A2-C47A-4C32-B917-976060F034CF}.Debug|Any CPU.ActiveCfg = Debug|Any CPU
		{C682E0A2-C47A-4C32-B917-976060F034CF}.Debug|Any CPU.Build.0 = Debug|Any CPU
		{C682E0A2-C47A-4C32-B917-976060F034CF}.Release|Any CPU.ActiveCfg = Release|Any CPU
		{C682E0A2-C47A-4C32-B917-976060F034CF}.Release|Any CPU.Build.0 = Release|Any CPU
		{15E9F2C5-DE6B-42B1-A47E-1209CEB54B67}.Debug|Any CPU.ActiveCfg = Debug|Any CPU
		{15E9F2C5-DE6B-42B1-A47E-1209CEB54B67}.Debug|Any CPU.Build.0 = Debug|Any CPU
		{15E9F2C5-DE6B-42B1-A47E-1209CEB54B67}.Release|Any CPU.ActiveCfg = Release|Any CPU
		{15E9F2C5-DE6B-42B1-A47E-1209CEB54B67}.Release|Any CPU.Build.0 = Release|Any CPU
		{37B47328-EF41-47EF-906B-0E833C4E752C}.Debug|Any CPU.ActiveCfg = Debug|Any CPU
		{37B47328-EF41-47EF-906B-0E833C4E752C}.Debug|Any CPU.Build.0 = Debug|Any CPU
		{37B47328-EF41-47EF-906B-0E833C4E752C}.Release|Any CPU.ActiveCfg = Release|Any CPU
		{37B47328-EF41-47EF-906B-0E833C4E752C}.Release|Any CPU.Build.0 = Release|Any CPU
		{053FA59A-49C3-4E01-A8EB-03C1E3F4598A}.Debug|Any CPU.ActiveCfg = Debug|Any CPU
		{053FA59A-49C3-4E01-A8EB-03C1E3F4598A}.Debug|Any CPU.Build.0 = Debug|Any CPU
		{053FA59A-49C3-4E01-A8EB-03C1E3F4598A}.Release|Any CPU.ActiveCfg = Release|Any CPU
		{053FA59A-49C3-4E01-A8EB-03C1E3F4598A}.Release|Any CPU.Build.0 = Release|Any CPU
	EndGlobalSection
	GlobalSection(SolutionProperties) = preSolution
		HideSolutionNode = FALSE
	EndGlobalSection
	GlobalSection(ExtensibilityGlobals) = postSolution
		SolutionGuid = {C6B0105E-0F4C-4094-8DB6-9AEA697390A2}
	EndGlobalSection
EndGlobal
